
Microsoft Visual Studio Solution File, Format Version 12.00
# Visual Studio 14
VisualStudioVersion = 14.0.25123.0
MinimumVisualStudioVersion = 10.0.40219.1
Project("{FAE04EC0-301F-11D3-BF4B-00C04F79EFBC}") = "AddingProgram", "AddingProgram\AddingProgram.csproj", "{EFAEEAFC-3374-4208-AB35-741093416AC3}"
EndProject
Global
	GlobalSection(SolutionConfigurationPlatforms) = preSolution
		Debug|Any CPU = Debug|Any CPU
		Release|Any CPU = Release|Any CPU
	EndGlobalSection
	GlobalSection(ProjectConfigurationPlatforms) = postSolution
		{EFAEEAFC-3374-4208-AB35-741093416AC3}.Debug|Any CPU.ActiveCfg = Debug|Any CPU
		{EFAEEAFC-3374-4208-AB35-741093416AC3}.Debug|Any CPU.Build.0 = Debug|Any CPU
		{EFAEEAFC-3374-4208-AB35-741093416AC3}.Release|Any CPU.ActiveCfg = Release|Any CPU
		{EFAEEAFC-3374-4208-AB35-741093416AC3}.Release|Any CPU.Build.0 = Release|Any CPU
	EndGlobalSection
	GlobalSection(SolutionProperties) = preSolution
		HideSolutionNode = FALSE
	EndGlobalSection
EndGlobal
