
Microsoft Visual Studio Solution File, Format Version 12.00
# Visual Studio 14
VisualStudioVersion = 14.0.25123.0
MinimumVisualStudioVersion = 10.0.40219.1
Project("{FAE04EC0-301F-11D3-BF4B-00C04F79EFBC}") = "PlayerForm", "PlayerForm\PlayerForm.csproj", "{A543C091-5EA0-403D-A9D6-B3E140A143CB}"
EndProject
Global
	GlobalSection(SolutionConfigurationPlatforms) = preSolution
		Debug|Any CPU = Debug|Any CPU
		Release|Any CPU = Release|Any CPU
	EndGlobalSection
	GlobalSection(ProjectConfigurationPlatforms) = postSolution
		{A543C091-5EA0-403D-A9D6-B3E140A143CB}.Debug|Any CPU.ActiveCfg = Debug|Any CPU
		{A543C091-5EA0-403D-A9D6-B3E140A143CB}.Debug|Any CPU.Build.0 = Debug|Any CPU
		{A543C091-5EA0-403D-A9D6-B3E140A143CB}.Release|Any CPU.ActiveCfg = Release|Any CPU
		{A543C091-5EA0-403D-A9D6-B3E140A143CB}.Release|Any CPU.Build.0 = Release|Any CPU
	EndGlobalSection
	GlobalSection(SolutionProperties) = preSolution
		HideSolutionNode = FALSE
	EndGlobalSection
EndGlobal
